
Microsoft Visual Studio Solution File, Format Version 12.00
# Visual Studio Version 16
VisualStudioVersion = 16.0.31702.278
MinimumVisualStudioVersion = 10.0.40219.1
Project("{FAE04EC0-301F-11D3-BF4B-00C04F79EFBC}") = "WindowsFormsApp1", "WindowsFormsApp1\WindowsFormsApp1.csproj", "{5F495AC2-B5EA-46FB-A44A-6D8EC12E091B}"
EndProject
Global
	GlobalSection(SolutionConfigurationPlatforms) = preSolution
		Debug|Any CPU = Debug|Any CPU
		Release|Any CPU = Release|Any CPU
	EndGlobalSection
	GlobalSection(ProjectConfigurationPlatforms) = postSolution
		{5F495AC2-B5EA-46FB-A44A-6D8EC12E091B}.Debug|Any CPU.ActiveCfg = Debug|Any CPU
		{5F495AC2-B5EA-46FB-A44A-6D8EC12E091B}.Debug|Any CPU.Build.0 = Debug|Any CPU
		{5F495AC2-B5EA-46FB-A44A-6D8EC12E091B}.Release|Any CPU.ActiveCfg = Release|Any CPU
		{5F495AC2-B5EA-46FB-A44A-6D8EC12E091B}.Release|Any CPU.Build.0 = Release|Any CPU
	EndGlobalSection
	GlobalSection(SolutionProperties) = preSolution
		HideSolutionNode = FALSE
	EndGlobalSection
	GlobalSection(ExtensibilityGlobals) = postSolution
		SolutionGuid = {8751655E-5F38-4FD5-83F0-EC368D60BA74}
	EndGlobalSection
EndGlobal
